
Microsoft Visual Studio Solution File, Format Version 12.00
# Visual Studio 15
VisualStudioVersion = 15.0.27130.2027
MinimumVisualStudioVersion = 10.0.40219.1
Project("{E24C65DC-7377-472B-9ABA-BC803B73C61A}") = "TP_WS_Bibliotheque", "TP_WS_Bibliotheque\", "{941A70A1-E6C0-4367-B09B-DBD89B34784E}"
	ProjectSection(WebsiteProperties) = preProject
		TargetFrameworkMoniker = ".NETFramework,Version%3Dv3.5"
		Debug.AspNetCompiler.VirtualPath = "/localhost_49979"
		Debug.AspNetCompiler.PhysicalPath = "TP_WS_Bibliotheque\"
		Debug.AspNetCompiler.TargetPath = "PrecompiledWeb\localhost_49979\"
		Debug.AspNetCompiler.Updateable = "true"
		Debug.AspNetCompiler.ForceOverwrite = "true"
		Debug.AspNetCompiler.FixedNames = "false"
		Debug.AspNetCompiler.Debug = "True"
		Release.AspNetCompiler.VirtualPath = "/localhost_49979"
		Release.AspNetCompiler.PhysicalPath = "TP_WS_Bibliotheque\"
		Release.AspNetCompiler.TargetPath = "PrecompiledWeb\localhost_49979\"
		Release.AspNetCompiler.Updateable = "true"
		Release.AspNetCompiler.ForceOverwrite = "true"
		Release.AspNetCompiler.FixedNames = "false"
		Release.AspNetCompiler.Debug = "False"
		VWDPort = "49979"
		SlnRelativePath = "TP_WS_Bibliotheque\"
		DefaultWebSiteLanguage = "Visual C#"
	EndProjectSection
EndProject
Project("{FAE04EC0-301F-11D3-BF4B-00C04F79EFBC}") = "ClientWebsite", "ClientWebsite\ClientWebsite.csproj", "{111D2F49-6153-4BD1-847E-A3425A5444BF}"
	ProjectSection(ProjectDependencies) = postProject
		{941A70A1-E6C0-4367-B09B-DBD89B34784E} = {941A70A1-E6C0-4367-B09B-DBD89B34784E}
	EndProjectSection
EndProject
Global
	GlobalSection(SolutionConfigurationPlatforms) = preSolution
		Debug|Any CPU = Debug|Any CPU
		Release|Any CPU = Release|Any CPU
	EndGlobalSection
	GlobalSection(ProjectConfigurationPlatforms) = postSolution
		{941A70A1-E6C0-4367-B09B-DBD89B34784E}.Debug|Any CPU.ActiveCfg = Debug|Any CPU
		{941A70A1-E6C0-4367-B09B-DBD89B34784E}.Debug|Any CPU.Build.0 = Debug|Any CPU
		{941A70A1-E6C0-4367-B09B-DBD89B34784E}.Release|Any CPU.ActiveCfg = Debug|Any CPU
		{941A70A1-E6C0-4367-B09B-DBD89B34784E}.Release|Any CPU.Build.0 = Debug|Any CPU
		{111D2F49-6153-4BD1-847E-A3425A5444BF}.Debug|Any CPU.ActiveCfg = Debug|Any CPU
		{111D2F49-6153-4BD1-847E-A3425A5444BF}.Debug|Any CPU.Build.0 = Debug|Any CPU
		{111D2F49-6153-4BD1-847E-A3425A5444BF}.Release|Any CPU.ActiveCfg = Release|Any CPU
		{111D2F49-6153-4BD1-847E-A3425A5444BF}.Release|Any CPU.Build.0 = Release|Any CPU
	EndGlobalSection
	GlobalSection(SolutionProperties) = preSolution
		HideSolutionNode = FALSE
	EndGlobalSection
	GlobalSection(ExtensibilityGlobals) = postSolution
		SolutionGuid = {53701248-D5FC-4E30-9664-4E3E657571EA}
	EndGlobalSection
EndGlobal
